version = 1
requires-python = "==3.12.*"

[[package]]
name = "alembic"
version = "1.18.4"
source = { registry = "https://pypi.org/simple" }
dependencies = [
    { name = "mako" },
    { name = "sqlalchemy" },
    { name = "typing-extensions" },
]
sdist = { url = "https://files.pythonhosted.org/packages/94/13/8b084e0f2efb0275a1d534838844926f798bd766566b1375174e2448cd31/alembic-1.18.4.tar.gz", hash = "sha256:cb6e1fd84b6174ab8dbb2329f86d631ba9559dd78df550b57804d607672cedbc", size = 2056725 }
wheels = [
    { url = "https://files.pythonhosted.org/packages/d2/29/6533c317b74f707ea28f8d633734dbda2119bbadfc61b2f3640ba835d0f7/alembic-1.18.4-py3-none-any.whl", hash = "sha256:a5ed4adcf6d8a4cb575f3d759f071b03cd6e5c7618eb796cb52497be25bfe19a", size = 263893 },
]

[[package]]
name = "ast-serialize"
version = "0.3.0"
source = { registry = "https://pypi.org/simple" }
sdist = { url = "https://files.pythonhosted.org/packages/a9/9d/912fefab0e30aee6a3af8a62bbea4a81b29afa4ba2c973d31170620a26de/ast_serialize-0.3.0.tar.gz", hash = "sha256:1bc3ca09a63a021376527c4e938deedd11d11d675ce850e6f9c7487f5889992b", size = 60689 }
wheels = [
    { url = "https://files.pythonhosted.org/packages/bc/93/72abad83966ed6235647c9f956417dc1e17e997696388521910e3d1fa3f4/ast_serialize-0.3.0-cp39-abi3-macosx_10_12_x86_64.whl", hash = "sha256:2ec2fafa5e4313cc8feed96e436ebe19ac7bc6fa41fbc2827e826c48b9e4c3a9", size = 1190024 },
    { url = "https://files.pythonhosted.org/packages/85/4f/eb88584b2f0234e581762011208ca203252bf6c98e59b4769daa571f3576/ast_serialize-0.3.0-cp39-abi3-macosx_11_0_arm64.whl", hash = "sha256:ef6d3c08b7b4cd29b48410338e134764a00e76d25841eb02c1084e868c888ecc", size = 1178633 },
    { url = "https://files.pythonhosted.org/packages/56/51/cf1ec1ff3e616373d0dcbd5fad502e0029dc541f13ab642259762a7d127f/ast_serialize-0.3.0-cp39-abi3-manylinux_2_17_aarch64.manylinux2014_aarch64.whl", hash = "sha256:3d841424f41b886e98044abc80769c14a956e6e5ccd5fb5b0d9f5ead72be18a4", size = 1241351 },
    { url = "https://files.pythonhosted.org/packages/0d/44/68fcf50478cf1093f2d423f034ae06453122c8b415d8e21a44668eca485d/ast_serialize-0.3.0-cp39-abi3-manylinux_2_17_armv7l.manylinux2014_armv7l.whl", hash = "sha256:d21453734ad39367ede5d37efe4f59f830ce1c09f432fc72a90e368f77a4a3e7", size = 1239582 },
    { url = "https://files.pythonhosted.org/packages/9d/c1/a6c9fa284eceb5fc6f21347e968445a051d7ca2c4d34e6a04314646dbcee/ast_serialize-0.3.0-cp39-abi3-manylinux_2_17_ppc64le.manylinux2014_ppc64le.whl", hash = "sha256:f5e110cdce2a347e1dd987529c88ef54d26f67848dce3eba1b3b2cc2cf085c94", size = 1448853 },
    { url = "https://files.pythonhosted.org/packages/23/5f/8ad3829a09e4e8c5328a53ce7d4711d660944e3e164c5f6abcc2c8f27167/ast_serialize-0.3.0-cp39-abi3-manylinux_2_17_s390x.manylinux2014_s390x.whl", hash = "sha256:3b6e23a98e57560a055f5c4b68700a0fd5ce483d2814c23140b3638c7f5d1e61", size = 1262204 },
    { url = "https://files.pythonhosted.org/packages/25/13/44aa28d97f10e25247e8576b5f6b2795d4fa1a80acc88acc942c508d06f7/ast_serialize-0.3.0-cp39-abi3-manylinux_2_17_x86_64.manylinux2014_x86_64.whl", hash = "sha256:c1c9e763d70293d65ce1e1ea8c943140c68d0953f0268c7ee0998f2e07f77dd0", size = 1266458 },
    { url = "https://files.pythonhosted.org/packages/d8/58/b3a8be3777cd3744324fd5cec0d80d37cd96fc7cbb0fb010e03dff1e870f/ast_serialize-0.3.0-cp39-abi3-manylinux_2_5_i686.manylinux1_i686.whl", hash = "sha256:4388a1796c228f1ce5c391426f7d21a0003ad3b47f677dbeded9bd1a85c7209f", size = 1308700 },
    { url = "https://files.pythonhosted.org/packages/13/03/f8312d6b57f5471a9dc7946f22b8798a1fc296d38c25766223aacadec42c/ast_serialize-0.3.0-cp39-abi3-musllinux_1_2_aarch64.whl", hash = "sha256:5283cdcc0c64c3d8b9b688dc6aaa012d9c0cf1380a7f774a6bae6a1c01b3205a", size = 1416724 },
    { url = "https://files.pythonhosted.org/packages/50/5d/13fc3789a7abac00559da2e2e9f386db4612aa1f84fc53d09bf714c37545/ast_serialize-0.3.0-cp39-abi3-musllinux_1_2_armv7l.whl", hash = "sha256:f5ef88cc5842a5d7a6ac09dc0d5fc2c98f5d276c1f076f866d55047ce886785b", size = 1515441 },
    { url = "https://files.pythonhosted.org/packages/eb/b9/7ab43fc7a23b1f970281093228f5f79bed6edeed7a3e672bde6d7a832a58/ast_serialize-0.3.0-cp39-abi3-musllinux_1_2_i686.whl", hash = "sha256:cc14bf402bdc0978594ecce783793de2c7470cd4f5cd7eb286ca97ed8ff7cba9", size = 1510522 },
    { url = "https://files.pythonhosted.org/packages/56/ec/d75fc2b788d319f1fad77c14156896f31afdfc68af85b505e5bdebcb9592/ast_serialize-0.3.0-cp39-abi3-musllinux_1_2_x86_64.whl", hash = "sha256:11eae0cf1b7b3e0678133cc2daa974ea972caf02eb4b3aa062af6fa9acd52c57", size = 1460917 },
    { url = "https://files.pythonhosted.org/packages/95/74/f99c81193a2725911e1911ae567ed27c2f2419332c7f3537366f9d238cac/ast_serialize-0.3.0-cp39-abi3-win32.whl", hash = "sha256:2db3dd99de5e6a5a11d7dda73de8750eb6e5baaf25245adf7bdcfe64b6108ae2", size = 1067804 },
    { url = "https://files.pythonhosted.org/packages/16/81/76af00c47daa151e89f98ae21fbbcb2840aaa9f5766579c4da76a3c57188/ast_serialize-0.3.0-cp39-abi3-win_amd64.whl", hash = "sha256:a2cd125adccf7969470621905d302750cd25951f22ea430d9a25b7be031e5549", size = 1105561 },
    { url = "https://files.pythonhosted.org/packages/bd/46/d3ec57ad500f598d1554bd14ce4df615960549ab2844961bc4e1f5fbd174/ast_serialize-0.3.0-cp39-abi3-win_arm64.whl", hash = "sha256:0dd00da29985f15f50dc35728b7e1e7c84507bccfea1d9914738530f1c72238a", size = 1077165 },
]

[[package]]
name = "colorama"
version = "0.4.6"
source = { registry = "https://pypi.org/simple" }
sdist = { url = "https://files.pythonhosted.org/packages/d8/53/6f443c9a4a8358a93a6792e2acffb9d9d5cb0a5cfd8802644b7b1c9a02e4/colorama-0.4.6.tar.gz", hash = "sha256:08695f5cb7ed6e0531a20572697297273c47b8cae5a63ffc6d6ed5c201be6e44", size = 27697 }
wheels = [
    { url = "https://files.pythonhosted.org/packages/d1/d6/3965ed04c63042e047cb6a3e6ed1a63a35087b6a609aa3a15ed8ac56c221/colorama-0.4.6-py2.py3-none-any.whl", hash = "sha256:4f1d9991f5acc0ca119f9d443620b77f9d6b33703e51011c16baf57afb285fc6", size = 25335 },
]

[[package]]
name = "greenlet"
version = "3.5.0"
source = { registry = "https://pypi.org/simple" }
sdist = { url = "https://files.pythonhosted.org/packages/3c/3f/dbf99fb14bfeb88c28f16729215478c0e265cacd6dc22270c8f31bb6892f/greenlet-3.5.0.tar.gz", hash = "sha256:d419647372241bc68e957bf38d5c1f98852155e4146bd1e4121adea81f4f01e4", size = 196995 }
wheels = [
    { url = "https://files.pythonhosted.org/packages/ef/32/f2ce6d4cac3e55bc6173f92dbe627e782e1850f89d986c3606feb63aafa7/greenlet-3.5.0-cp312-cp312-macosx_11_0_universal2.whl", hash = "sha256:db2910d3c809444e0a20147361f343fe2798e106af8d9d8506f5305302655a9f", size = 286228 },
    { url = "https://files.pythonhosted.org/packages/b7/aa/caed9e5adf742315fc7be2a84196373aab4816e540e38ba0d76cb7584d68/greenlet-3.5.0-cp312-cp312-manylinux_2_24_aarch64.manylinux_2_28_aarch64.whl", hash = "sha256:3ec9ea74e7268ace7f9aab1b1a4e730193fc661b39a993cd91c606c32d4a3628", size = 601775 },
    { url = "https://files.pythonhosted.org/packages/c7/af/90ae08497400a941595d12774447f752d3dfe0fbb012e35b76bc5c0ff37e/greenlet-3.5.0-cp312-cp312-manylinux_2_24_ppc64le.manylinux_2_28_ppc64le.whl", hash = "sha256:54d243512da35485fc7a6bf3c178fdda6327a9d6506fcdd62b1abd1e41b2927b", size = 614436 },
    { url = "https://files.pythonhosted.org/packages/3f/e9/4eeadf8cb3403ac274245ba75f07844abc7fa5f6787583fc9156ba741e0f/greenlet-3.5.0-cp312-cp312-manylinux_2_24_s390x.manylinux_2_28_s390x.whl", hash = "sha256:41353ec2ecedf7aa8f682753a41919f8718031a6edac46b8d3dc7ed9e1ceb136", size = 620610 },
    { url = "https://files.pythonhosted.org/packages/2b/e0/2e13df68f367e2f9960616927d60857dd7e56aaadd59a47c644216b2f920/greenlet-3.5.0-cp312-cp312-manylinux_2_24_x86_64.manylinux_2_28_x86_64.whl", hash = "sha256:9d280a7f5c331622c69f97eb167f33577ff2d1df282c41cd15907fc0a3ca198c", size = 611388 },
    { url = "https://files.pythonhosted.org/packages/ee/ef/f913b3c0eb7d26d86a2401c5e1546c9d46b657efee724b06f6f4ac5d8824/greenlet-3.5.0-cp312-cp312-manylinux_2_39_riscv64.whl", hash = "sha256:58c1c374fe2b3d852f9b6b11a7dff4c85404e51b9a596fd9e89cf904eb09866d", size = 422775 },
    { url = "https://files.pythonhosted.org/packages/82/f7/393c64055132ac0d488ef6be549253b7e6274194863967ddc0bc8f5b87b8/greenlet-3.5.0-cp312-cp312-musllinux_1_2_aarch64.whl", hash = "sha256:1eb67d5adefb5bd2e182d42678a328979a209e4e82eb93575708185d31d1f588", size = 1570768 },
    { url = "https://files.pythonhosted.org/packages/b8/4b/eaf7735253522cf56d1b74d672a58f54fc114702ceaf05def59aae72f6e1/greenlet-3.5.0-cp312-cp312-musllinux_1_2_x86_64.whl", hash = "sha256:2628d6c86f6cb0cb45e0c3c54058bbec559f57eaae699447748cb3928150577e", size = 1635983 },
    { url = "https://files.pythonhosted.org/packages/4c/fe/4fb3a0805bd5165da5ebf858da7cc01cce8061674106d2cf5bdab32cbfde/greenlet-3.5.0-cp312-cp312-win_amd64.whl", hash = "sha256:d4d9f0624c775f2dfc56ba54d515a8c771044346852a918b405914f6b19d7fd8", size = 238840 },
    { url = "https://files.pythonhosted.org/packages/cb/cb/baa584cb00532126ffe12d9787db0a60c5a4f55c27bfe2666df5d4c30a32/greenlet-3.5.0-cp312-cp312-win_arm64.whl", hash = "sha256:83ed9f27f1680b50e89f40f6df348a290ea234b249a4003d366663a12eab94f2", size = 235615 },
]

[[package]]
name = "iniconfig"
version = "2.3.0"
source = { registry = "https://pypi.org/simple" }
sdist = { url = "https://files.pythonhosted.org/packages/72/34/14ca021ce8e5dfedc35312d08ba8bf51fdd999c576889fc2c24cb97f4f10/iniconfig-2.3.0.tar.gz", hash = "sha256:c76315c77db068650d49c5b56314774a7804df16fee4402c1f19d6d15d8c4730", size = 20503 }
wheels = [
    { url = "https://files.pythonhosted.org/packages/cb/b1/3846dd7f199d53cb17f49cba7e651e9ce294d8497c8c150530ed11865bb8/iniconfig-2.3.0-py3-none-any.whl", hash = "sha256:f631c04d2c48c52b84d0d0549c99ff3859c98df65b3101406327ecc7d53fbf12", size = 7484 },
]

[[package]]
name = "librt"
version = "0.10.0"
source = { registry = "https://pypi.org/simple" }
sdist = { url = "https://files.pythonhosted.org/packages/39/cb/c1945e506893b5b8577fb45a60c80e3ffe4a82092a04a6f29b0b951d9a24/librt-0.10.0.tar.gz", hash = "sha256:1aba1e8aa4e3307a7be68a74149545fde7451964dc0235a8bec5704a17bdda42", size = 191799 }
wheels = [
    { url = "https://files.pythonhosted.org/packages/12/8e/cbb5b6f6e45e65c10a42449a69eaccc44d73e6a081ea752fbc5221c6dc1c/librt-0.10.0-cp312-cp312-macosx_10_13_x86_64.whl", hash = "sha256:b4b58a44b407e91f633dafee008de9ddea6aa2a555ed94929c099260910bd0ba", size = 77327 },
    { url = "https://files.pythonhosted.org/packages/e9/3d/8233cbee8e99e6a8992f02bfc2dec8d787509566a511d1fde2574ee7473f/librt-0.10.0-cp312-cp312-macosx_11_0_arm64.whl", hash = "sha256:950b79b11762531bdf45a9df909d2f9a2a8445c70c88665c01d14c8511a27dc5", size = 79971 },
    { url = "https://files.pythonhosted.org/packages/87/6f/5264b298cef2b72fc97d2dde56c66181eda35204bf5dcd1ed0c3d0a0a782/librt-0.10.0-cp312-cp312-manylinux2014_aarch64.manylinux_2_17_aarch64.manylinux_2_28_aarch64.whl", hash = "sha256:4538453f51be197633b425912c150e25b0667252d3741c53e8368176d98d9d37", size = 246559 },
    { url = "https://files.pythonhosted.org/packages/07/7b/19b1b859cc60d5f99276cc2b3144d91556c6d1b1e4ebb50359696bebf7a8/librt-0.10.0-cp312-cp312-manylinux2014_i686.manylinux_2_17_i686.manylinux_2_28_i686.whl", hash = "sha256:70b955f091beac93e994a0b7ec616934f63b3ea5c3d6d7af847562f935aceca7", size = 235216 },
    { url = "https://files.pythonhosted.org/packages/6e/56/a2f40717142a8af46289f57874ef914353d8faccd5e4f8e594ab1e16e8c7/librt-0.10.0-cp312-cp312-manylinux2014_x86_64.manylinux_2_17_x86_64.manylinux_2_28_x86_64.whl", hash = "sha256:483e685e06b6163728ba6c85d74315176be7190f432ec2a41226e5e14355d5f0", size = 263108 },
    { url = "https://files.pythonhosted.org/packages/67/ca/15c625c3bdc0167c01e04ef8878317e9713f3bfa788438342f7a94c7b22c/librt-0.10.0-cp312-cp312-manylinux_2_31_riscv64.manylinux_2_39_riscv64.whl", hash = "sha256:7ac53d946a009d1a38c44a60812708c9458fb2a239a5f630d8e625571386650f", size = 255280 },
    { url = "https://files.pythonhosted.org/packages/ed/c5/ba301d571d9e05844e2435b73aba30bee77bb75ce155c9affcfd2173dd03/librt-0.10.0-cp312-cp312-musllinux_1_2_aarch64.whl", hash = "sha256:bc8771c9fcf0ea894ca41fdc2abd83572c2fbda221f232d86e718614e57ff513", size = 268829 },
    { url = "https://files.pythonhosted.org/packages/8b/60/af70e135bc1f1fe15dd3894b1e4bbefc7ecdf911749a925a39eb86ceb2a1/librt-0.10.0-cp312-cp312-musllinux_1_2_i686.whl", hash = "sha256:70805dbc5257892ac572f86290a61e3c8d90224ecce1a8b2d1f7ed51965417f4", size = 262051 },
    { url = "https://files.pythonhosted.org/packages/83/c2/c8236eb8b421bac5a172ba208f965abaa89805da2a3fa112bdf1764caf8f/librt-0.10.0-cp312-cp312-musllinux_1_2_riscv64.whl", hash = "sha256:d3b4f300f7bcba6e2ff73fb8bef1898479e9772bfa2682998c636391633ec826", size = 264347 },
    { url = "https://files.pythonhosted.org/packages/d6/f5/15b6d32bc25dacd4a60886a683d8128d6219910c122202b995a40dd4f8d2/librt-0.10.0-cp312-cp312-musllinux_1_2_x86_64.whl", hash = "sha256:943bc943f92f4fb3408fae62485c6a3ad68ce4f2ee205643a39641525c19a276", size = 286482 },
    { url = "https://files.pythonhosted.org/packages/fb/8e/b1b959bacd323eb4360579db992513e1406d1c6ef7edb57b5511fd0666fd/librt-0.10.0-cp312-cp312-win32.whl", hash = "sha256:6065c1a758fba1010b41401013903d3d5d2750eab425ddedd584abac31d0630e", size = 62955 },
    { url = "https://files.pythonhosted.org/packages/9e/4c/d4cd6e4b9fc24098e63cc85537d1b6689682aee96809c38f08072067cc2b/librt-0.10.0-cp312-cp312-win_amd64.whl", hash = "sha256:d788ecbe208ab352dab0e105cc06057bf9a2fc7e58cabb0d751ad9e30062b9e2", size = 71191 },
    { url = "https://files.pythonhosted.org/packages/2b/19/8641da1f63d24b92354a492f893c022d6b3a0df44e70c8eff49364613983/librt-0.10.0-cp312-cp312-win_arm64.whl", hash = "sha256:6003d1f295bdba02656dc81308208fc060d0a51d8c0d0a6db70f7f3c57b9ba0a", size = 61432 },
]

[[package]]
name = "mako"
version = "1.3.12"
source = { registry = "https://pypi.org/simple" }
dependencies = [
    { name = "markupsafe" },
]
sdist = { url = "https://files.pythonhosted.org/packages/00/62/791b31e69ae182791ec67f04850f2f062716bbd205483d63a215f3e062d3/mako-1.3.12.tar.gz", hash = "sha256:9f778e93289bd410bb35daadeb4fc66d95a746f0b75777b942088b7fd7af550a", size = 400219 }
wheels = [
    { url = "https://files.pythonhosted.org/packages/bc/b1/a0ec7a5a9db730a08daef1fdfb8090435b82465abbf758a596f0ea88727e/mako-1.3.12-py3-none-any.whl", hash = "sha256:8f61569480282dbf557145ce441e4ba888be453c30989f879f0d652e39f53ea9", size = 78521 },
]

[[package]]
name = "markupsafe"
version = "3.0.3"
source = { registry = "https://pypi.org/simple" }
sdist = { url = "https://files.pythonhosted.org/packages/7e/99/7690b6d4034fffd95959cbe0c02de8deb3098cc577c67bb6a24fe5d7caa7/markupsafe-3.0.3.tar.gz", hash = "sha256:722695808f4b6457b320fdc131280796bdceb04ab50fe1795cd540799ebe1698", size = 80313 }
wheels = [
    { url = "https://files.pythonhosted.org/packages/5a/72/147da192e38635ada20e0a2e1a51cf8823d2119ce8883f7053879c2199b5/markupsafe-3.0.3-cp312-cp312-macosx_10_13_x86_64.whl", hash = "sha256:d53197da72cc091b024dd97249dfc7794d6a56530370992a5e1a08983ad9230e", size = 11615 },
    { url = "https://files.pythonhosted.org/packages/9a/81/7e4e08678a1f98521201c3079f77db69fb552acd56067661f8c2f534a718/markupsafe-3.0.3-cp312-cp312-macosx_11_0_arm64.whl", hash = "sha256:1872df69a4de6aead3491198eaf13810b565bdbeec3ae2dc8780f14458ec73ce", size = 12020 },
    { url = "https://files.pythonhosted.org/packages/1e/2c/799f4742efc39633a1b54a92eec4082e4f815314869865d876824c257c1e/markupsafe-3.0.3-cp312-cp312-manylinux2014_aarch64.manylinux_2_17_aarch64.manylinux_2_28_aarch64.whl", hash = "sha256:3a7e8ae81ae39e62a41ec302f972ba6ae23a5c5396c8e60113e9066ef893da0d", size = 24332 },
    { url = "https://files.pythonhosted.org/packages/3c/2e/8d0c2ab90a8c1d9a24f0399058ab8519a3279d1bd4289511d74e909f060e/markupsafe-3.0.3-cp312-cp312-manylinux2014_x86_64.manylinux_2_17_x86_64.manylinux_2_28_x86_64.whl", hash = "sha256:d6dd0be5b5b189d31db7cda48b91d7e0a9795f31430b7f271219ab30f1d3ac9d", size = 22947 },
    { url = "https://files.pythonhosted.org/packages/2c/54/887f3092a85238093a0b2154bd629c89444f395618842e8b0c41783898ea/markupsafe-3.0.3-cp312-cp312-manylinux_2_31_riscv64.manylinux_2_39_riscv64.whl", hash = "sha256:94c6f0bb423f739146aec64595853541634bde58b2135f27f61c1ffd1cd4d16a", size = 21962 },
    { url = "https://files.pythonhosted.org/packages/c9/2f/336b8c7b6f4a4d95e91119dc8521402461b74a485558d8f238a68312f11c/markupsafe-3.0.3-cp312-cp312-musllinux_1_2_aarch64.whl", hash = "sha256:be8813b57049a7dc738189df53d69395eba14fb99345e0a5994914a3864c8a4b", size = 23760 },
    { url = "https://files.pythonhosted.org/packages/32/43/67935f2b7e4982ffb50a4d169b724d74b62a3964bc1a9a527f5ac4f1ee2b/markupsafe-3.0.3-cp312-cp312-musllinux_1_2_riscv64.whl", hash = "sha256:83891d0e9fb81a825d9a6d61e3f07550ca70a076484292a70fde82c4b807286f", size = 21529 },
    { url = "https://files.pythonhosted.org/packages/89/e0/4486f11e51bbba8b0c041098859e869e304d1c261e59244baa3d295d47b7/markupsafe-3.0.3-cp312-cp312-musllinux_1_2_x86_64.whl", hash = "sha256:77f0643abe7495da77fb436f50f8dab76dbc6e5fd25d39589a0f1fe6548bfa2b", size = 23015 },
    { url = "https://files.pythonhosted.org/packages/2f/e1/78ee7a023dac597a5825441ebd17170785a9dab23de95d2c7508ade94e0e/markupsafe-3.0.3-cp312-cp312-win32.whl", hash = "sha256:d88b440e37a16e651bda4c7c2b930eb586fd15ca7406cb39e211fcff3bf3017d", size = 14540 },
    { url = "https://files.pythonhosted.org/packages/aa/5b/bec5aa9bbbb2c946ca2733ef9c4ca91c91b6a24580193e891b5f7dbe8e1e/markupsafe-3.0.3-cp312-cp312-win_amd64.whl", hash = "sha256:26a5784ded40c9e318cfc2bdb30fe164bdb8665ded9cd64d500a34fb42067b1c", size = 15105 },
    { url = "https://files.pythonhosted.org/packages/e5/f1/216fc1bbfd74011693a4fd837e7026152e89c4bcf3e77b6692fba9923123/markupsafe-3.0.3-cp312-cp312-win_arm64.whl", hash = "sha256:35add3b638a5d900e807944a078b51922212fb3dedb01633a8defc4b01a3c85f", size = 13906 },
]

[[package]]
name = "mypy"
version = "2.0.0"
source = { registry = "https://pypi.org/simple" }
dependencies = [
    { name = "ast-serialize" },
    { name = "librt", marker = "platform_python_implementation != 'PyPy'" },
    { name = "mypy-extensions" },
    { name = "pathspec" },
    { name = "typing-extensions" },
]
sdist = { url = "https://files.pythonhosted.org/packages/cf/dc/7e6d49f04fca40b9dd5c752a51a432ffe67fb45200702bc9eee0cb4bbb26/mypy-2.0.0.tar.gz", hash = "sha256:1a9e3900ac5c40f1fe813506c7739da6e6f0eab2729067ebd94bfb0bbba53532", size = 3869036 }
wheels = [
    { url = "https://files.pythonhosted.org/packages/f6/4b/f6cd12ef1eb63be1c342da3e8ca811d2280276177f6de4ef20cb2366d79b/mypy-2.0.0-cp312-cp312-macosx_10_13_x86_64.whl", hash = "sha256:660790551c988e69d8bf7a35c8b4149edeb22f4a339165702be843532e9dcdb5", size = 14756610 },
    { url = "https://files.pythonhosted.org/packages/32/73/67d09ca28bee21feaca264b2a680cf2d300bcc2071136ad064928324c843/mypy-2.0.0-cp312-cp312-macosx_11_0_arm64.whl", hash = "sha256:7a15bf92cd8781f8e72f69ffa7e30d1f434402d065ee1ecd5223ef2ef100f914", size = 13554270 },
    { url = "https://files.pythonhosted.org/packages/61/b3/44718b5c6b1b5a27440ff2effe6a1be0fa2a190c0f4e2e21a83728416f95/mypy-2.0.0-cp312-cp312-manylinux2014_aarch64.manylinux_2_17_aarch64.manylinux_2_28_aarch64.whl", hash = "sha256:4ff370b43d7def05bbcd2f5267f0bcda72dd6a552ef2ea9375b02d6fe06da270", size = 13924663 },
    { url = "https://files.pythonhosted.org/packages/6a/2b/bbb9cc5773f946846a7c340097e59bcf84095437dda0d56bb4f6cf1f6541/mypy-2.0.0-cp312-cp312-manylinux2014_x86_64.manylinux_2_17_x86_64.manylinux_2_28_x86_64.whl", hash = "sha256:37bd246590a018e5a11703b7b09c39d47ede3df5ba3fa863c5b8590b465beb01", size = 14946862 },
    { url = "https://files.pythonhosted.org/packages/43/25/e9318566f443a5130b4ff0ad3367ee6c4c4c49ff083fe5214a7318c18282/mypy-2.0.0-cp312-cp312-musllinux_1_2_x86_64.whl", hash = "sha256:cce87e92214fac8bf8feb8a680d0c1b6fb748d50e9b57fbb13e4b1d83a3ed19b", size = 15175090 },
    { url = "https://files.pythonhosted.org/packages/67/65/2ec28c834f21e164c33bc296a7db538ad50c74f83e517c7a0be95ff6de86/mypy-2.0.0-cp312-cp312-win_amd64.whl", hash = "sha256:e19e9cb69b66a4141009d24898259914fa2b71d026de0b46edf9fafdbf4fd46e", size = 11052899 },
    { url = "https://files.pythonhosted.org/packages/9e/72/d1ec625cfc9bd101c07a6834ef1f94e820296f8fdbad2eb03f50e0983f8c/mypy-2.0.0-cp312-cp312-win_arm64.whl", hash = "sha256:b021614cb08d44785b025982163ec3c39c94bff766ead071fa9e82b4ef6f62cd", size = 9972935 },
    { url = "https://files.pythonhosted.org/packages/5c/14/fd0694aa594d6e9f9fd16ce821be2eff295197a273262ef56ddcc1388d68/mypy-2.0.0-py3-none-any.whl", hash = "sha256:8a92b2be3146b4fa1f062af7eb05574cbf3e6eb8e1f14704af1075423144e4e5", size = 2673434 },
]

[[package]]
name = "mypy-extensions"
version = "1.1.0"
source = { registry = "https://pypi.org/simple" }
sdist = { url = "https://files.pythonhosted.org/packages/a2/6e/371856a3fb9d31ca8dac321cda606860fa4548858c0cc45d9d1d4ca2628b/mypy_extensions-1.1.0.tar.gz", hash = "sha256:52e68efc3284861e772bbcd66823fde5ae21fd2fdb51c62a211403730b916558", size = 6343 }
wheels = [
    { url = "https://files.pythonhosted.org/packages/79/7b/2c79738432f5c924bef5071f933bcc9efd0473bac3b4aa584a6f7c1c8df8/mypy_extensions-1.1.0-py3-none-any.whl", hash = "sha256:1be4cccdb0f2482337c4743e60421de3a356cd97508abadd57d47403e94f5505", size = 4963 },
]

[[package]]
name = "packaging"
version = "26.2"
source = { registry = "https://pypi.org/simple" }
sdist = { url = "https://files.pythonhosted.org/packages/d7/f1/e7a6dd94a8d4a5626c03e4e99c87f241ba9e350cd9e6d75123f992427270/packaging-26.2.tar.gz", hash = "sha256:ff452ff5a3e828ce110190feff1178bb1f2ea2281fa2075aadb987c2fb221661", size = 228134 }
wheels = [
    { url = "https://files.pythonhosted.org/packages/df/b2/87e62e8c3e2f4b32e5fe99e0b86d576da1312593b39f47d8ceef365e95ed/packaging-26.2-py3-none-any.whl", hash = "sha256:5fc45236b9446107ff2415ce77c807cee2862cb6fac22b8a73826d0693b0980e", size = 100195 },
]

[[package]]
name = "pathspec"
version = "1.1.1"
source = { registry = "https://pypi.org/simple" }
sdist = { url = "https://files.pythonhosted.org/packages/5a/82/42f767fc1c1143d6fd36efb827202a2d997a375e160a71eb2888a925aac1/pathspec-1.1.1.tar.gz", hash = "sha256:17db5ecd524104a120e173814c90367a96a98d07c45b2e10c2f3919fff91bf5a", size = 135180 }
wheels = [
    { url = "https://files.pythonhosted.org/packages/f1/d9/7fb5aa316bc299258e68c73ba3bddbc499654a07f151cba08f6153988714/pathspec-1.1.1-py3-none-any.whl", hash = "sha256:a00ce642f577bf7f473932318056212bc4f8bfdf53128c78bbd5af0b9b20b189", size = 57328 },
]

[[package]]
name = "pluggy"
version = "1.6.0"
source = { registry = "https://pypi.org/simple" }
sdist = { url = "https://files.pythonhosted.org/packages/f9/e2/3e91f31a7d2b083fe6ef3fa267035b518369d9511ffab804f839851d2779/pluggy-1.6.0.tar.gz", hash = "sha256:7dcc130b76258d33b90f61b658791dede3486c3e6bfb003ee5c9bfb396dd22f3", size = 69412 }
wheels = [
    { url = "https://files.pythonhosted.org/packages/54/20/4d324d65cc6d9205fabedc306948156824eb9f0ee1633355a8f7ec5c66bf/pluggy-1.6.0-py3-none-any.whl", hash = "sha256:e920276dd6813095e9377c0bc5566d94c932c33b27a3e3945d8389c374dd4746", size = 20538 },
]

[[package]]
name = "psycopg"
version = "3.3.4"
source = { registry = "https://pypi.org/simple" }
dependencies = [
    { name = "typing-extensions" },
    { name = "tzdata", marker = "sys_platform == 'win32'" },
]
sdist = { url = "https://files.pythonhosted.org/packages/db/2f/cb91e5502ec9de1de6f1b76cfbf69531932725361168bb06963620c77e2e/psycopg-3.3.4.tar.gz", hash = "sha256:e21207764952cff81b6b8bdacad9a3939f2793367fdac2987b3aac36a651b5bc", size = 165799 }
wheels = [
    { url = "https://files.pythonhosted.org/packages/5c/e0/7b3dee031daae7743609ce3c746565d4a3ed7c2c186479eb48e34e838c64/psycopg-3.3.4-py3-none-any.whl", hash = "sha256:b6bbc25ccf05c8fad3b061d9db2ef0909a555171b84b07f29458a447253d679a", size = 213001 },
]

[package.optional-dependencies]
binary = [
    { name = "psycopg-binary", marker = "implementation_name != 'pypy'" },
]

[[package]]
name = "psycopg-binary"
version = "3.3.4"
source = { registry = "https://pypi.org/simple" }
wheels = [
    { url = "https://files.pythonhosted.org/packages/95/7d/03818e13ba7f36de93573c93ee3482006d3dfa8b0f8d28df511bad0a1a92/psycopg_binary-3.3.4-cp312-cp312-macosx_10_13_x86_64.whl", hash = "sha256:5ab28a2a7649df3b72e6b674b4c190e448e8e77cf496a65bd846472048de2089", size = 4591122 },
    { url = "https://files.pythonhosted.org/packages/a5/b9/11b341edf8d54e2694726b273fe9652b254d989f4f63e3ac6816ad6b55f4/psycopg_binary-3.3.4-cp312-cp312-macosx_11_0_arm64.whl", hash = "sha256:6402a9d8146cf4b3974ded3fd28a971e83dc6a0333eb7822524a3aa20b546578", size = 4669943 },
    { url = "https://files.pythonhosted.org/packages/8b/18/4665bacd65e7865b4372fcd8abb8b9186ada4b0025f8c2ca691b364a556c/psycopg_binary-3.3.4-cp312-cp312-manylinux2014_ppc64le.manylinux_2_17_ppc64le.whl", hash = "sha256:580ae30a5f95ccd90008ec697d3ed6a4a2047a516407ad904283fa42086936e9", size = 5469697 },
    { url = "https://files.pythonhosted.org/packages/7c/b1/b83136c6e510593d9b0c759ba5384337bc4ad82d19fda675adc4b2703c84/psycopg_binary-3.3.4-cp312-cp312-manylinux2014_x86_64.manylinux_2_17_x86_64.whl", hash = "sha256:e7510c37550f91a187e3660a8cc50d4b760f8c3b8b2f89ebc5698cd2c7f2c85d", size = 5152995 },
    { url = "https://files.pythonhosted.org/packages/67/8d/a9821e2a648afe6091989929982a3b0f00b2631a859cb81379728f08fb75/psycopg_binary-3.3.4-cp312-cp312-manylinux_2_27_aarch64.manylinux_2_28_aarch64.whl", hash = "sha256:77df19583501ea288eaf15ac0fe7ad01e6d8091a91d5c41df5c718f307d8e31b", size = 6738180 },
    { url = "https://files.pythonhosted.org/packages/7e/58/2e349e8d23905dc2317b80ac65f48fb6f821a4777a4e994a60da91c4850f/psycopg_binary-3.3.4-cp312-cp312-manylinux_2_38_riscv64.manylinux_2_39_riscv64.whl", hash = "sha256:018fbed325936da502feb546642c982dcc4b9ffdea32dfef78dbf3b7f7ad4070", size = 4978828 },
    { url = "https://files.pythonhosted.org/packages/45/48/57b00d03b4721878326122a1f1e6b0a90b85bcaec56b5b2f8ea6cfa45235/psycopg_binary-3.3.4-cp312-cp312-musllinux_1_2_aarch64.whl", hash = "sha256:17a21953a9e5ff3a16dab692625a3676e2f101db5e40072f39dbee2250194d68", size = 4509757 },
    { url = "https://files.pythonhosted.org/packages/25/37/33b47d8c007df69aec500df5889767c4d313748e8e9e27a2fef8a6dabcee/psycopg_binary-3.3.4-cp312-cp312-musllinux_1_2_ppc64le.whl", hash = "sha256:eb05ee1c2b817d27c537333224c9e83c7afb86fe7296ba970990068baf819b16", size = 4190546 },
    { url = "https://files.pythonhosted.org/packages/ca/c6/32b0835dbc2122617902b649d76a91c1e75406e76bf3d595b0c3bb5ffad6/psycopg_binary-3.3.4-cp312-cp312-musllinux_1_2_riscv64.whl", hash = "sha256:773d573e11f437ce0bdb95b7c18dc58390494f96d43f8b45b9760436114f7652", size = 3926197 },
    { url = "https://files.pythonhosted.org/packages/cd/68/d190ef0c0c5b16ded07831dabc8ddd412f4cdab07ec6e30ed38d9bda0e1f/psycopg_binary-3.3.4-cp312-cp312-musllinux_1_2_x86_64.whl", hash = "sha256:71e55ccbdfae79a2ed9c6369c3008a3025817ff9d7e27b32a2d84e2a4267e66e", size = 4236627 },
    { url = "https://files.pythonhosted.org/packages/25/8f/81dcbc2e8454b74d14881275ea45f00791052dac531a9fa8be1730d1685b/psycopg_binary-3.3.4-cp312-cp312-win_amd64.whl", hash = "sha256:494ca54901be8cf9eb7e02c25b731f2317c378efa44f43e8f9bd0e1184ae7be4", size = 3560782 },
]

[[package]]
name = "pygments"
version = "2.20.0"
source = { registry = "https://pypi.org/simple" }
sdist = { url = "https://files.pythonhosted.org/packages/c3/b2/bc9c9196916376152d655522fdcebac55e66de6603a76a02bca1b6414f6c/pygments-2.20.0.tar.gz", hash = "sha256:6757cd03768053ff99f3039c1a36d6c0aa0b263438fcab17520b30a303a82b5f", size = 4955991 }
wheels = [
    { url = "https://files.pythonhosted.org/packages/f4/7e/a72dd26f3b0f4f2bf1dd8923c85f7ceb43172af56d63c7383eb62b332364/pygments-2.20.0-py3-none-any.whl", hash = "sha256:81a9e26dd42fd28a23a2d169d86d7ac03b46e2f8b59ed4698fb4785f946d0176", size = 1231151 },
]

[[package]]
name = "pytest"
version = "9.0.3"
source = { registry = "https://pypi.org/simple" }
dependencies = [
    { name = "colorama", marker = "sys_platform == 'win32'" },
    { name = "iniconfig" },
    { name = "packaging" },
    { name = "pluggy" },
    { name = "pygments" },
]
sdist = { url = "https://files.pythonhosted.org/packages/7d/0d/549bd94f1a0a402dc8cf64563a117c0f3765662e2e668477624baeec44d5/pytest-9.0.3.tar.gz", hash = "sha256:b86ada508af81d19edeb213c681b1d48246c1a91d304c6c81a427674c17eb91c", size = 1572165 }
wheels = [
    { url = "https://files.pythonhosted.org/packages/d4/24/a372aaf5c9b7208e7112038812994107bc65a84cd00e0354a88c2c77a617/pytest-9.0.3-py3-none-any.whl", hash = "sha256:2c5efc453d45394fdd706ade797c0a81091eccd1d6e4bccfcd476e2b8e0ab5d9", size = 375249 },
]

[[package]]
name = "ruff"
version = "0.15.12"
source = { registry = "https://pypi.org/simple" }
sdist = { url = "https://files.pythonhosted.org/packages/99/43/3291f1cc9106f4c63bdce7a8d0df5047fe8422a75b091c16b5e9355e0b11/ruff-0.15.12.tar.gz", hash = "sha256:ecea26adb26b4232c0c2ca19ccbc0083a68344180bba2a600605538ce51a40a6", size = 4643852 }
wheels = [
    { url = "https://files.pythonhosted.org/packages/c3/6e/e78ffb61d4686f3d96ba3df2c801161843746dcbcbb17a1e927d4829312b/ruff-0.15.12-py3-none-linux_armv6l.whl", hash = "sha256:f86f176e188e94d6bdbc09f09bfd9dc729059ad93d0e7390b5a73efe19f8861c", size = 10640713 },
    { url = "https://files.pythonhosted.org/packages/ae/08/a317bc231fb9e7b93e4ef3089501e51922ff88d6936ce5cf870c4fe55419/ruff-0.15.12-py3-none-macosx_10_12_x86_64.whl", hash = "sha256:e3bcd123364c3770b8e1b7baaf343cc99a35f197c5c6e8af79015c666c423a6c", size = 11069267 },
    { url = "https://files.pythonhosted.org/packages/aa/a4/f828e9718d3dce1f5f11c39c4f65afd32783c8b2aebb2e3d259e492c47bd/ruff-0.15.12-py3-none-macosx_11_0_arm64.whl", hash = "sha256:fe87510d000220aa1ed530d4448a7c696a0cae1213e5ec30e5874287b66557b5", size = 10397182 },
    { url = "https://files.pythonhosted.org/packages/71/e0/3310fc6d1b5e1fdea22bf3b1b807c7e187b581021b0d7d4514cccdb5fb71/ruff-0.15.12-py3-none-manylinux_2_17_aarch64.manylinux2014_aarch64.whl", hash = "sha256:84a1630093121375a3e2a95b4a6dc7b59e2b4ee76216e32d81aae550a832d002", size = 10758012 },
    { url = "https://files.pythonhosted.org/packages/11/c1/a606911aee04c324ddaa883ae418f3569792fd3c4a10c50e0dd0a2311e1e/ruff-0.15.12-py3-none-manylinux_2_17_armv7l.manylinux2014_armv7l.whl", hash = "sha256:fb129f40f114f089ebe0ca56c0d251cf2061b17651d464bb6478dc01e69f11f5", size = 10447479 },
    { url = "https://files.pythonhosted.org/packages/9d/68/4201e8444f0894f21ab4aeeaee68aa4f10b51613514a20d80bd628d57e88/ruff-0.15.12-py3-none-manylinux_2_17_i686.manylinux2014_i686.whl", hash = "sha256:b0c862b172d695db7598426b8af465e7e9ac00a3ea2a3630ee67eb82e366aaa6", size = 11234040 },
    { url = "https://files.pythonhosted.org/packages/34/ff/8a6d6cf4ccc23fd67060874e832c18919d1557a0611ebef03fdb01fff11e/ruff-0.15.12-py3-none-manylinux_2_17_ppc64le.manylinux2014_ppc64le.whl", hash = "sha256:2849ea9f3484c3aca43a82f484210370319e7170df4dfe4843395ddf6c57bc33", size = 12087377 },
    { url = "https://files.pythonhosted.org/packages/85/f6/c669cf73f5152f623d34e69866a46d5e6185816b19fcd5b6dd8a2d299922/ruff-0.15.12-py3-none-manylinux_2_17_s390x.manylinux2014_s390x.whl", hash = "sha256:9e77c7e51c07fe396826d5969a5b846d9cd4c402535835fb6e21ce8b28fef847", size = 11367784 },
    { url = "https://files.pythonhosted.org/packages/e8/39/c61d193b8a1daaa8977f7dea9e8d8ba866e02ea7b65d32f6861693aa4c12/ruff-0.15.12-py3-none-manylinux_2_17_x86_64.manylinux2014_x86_64.whl", hash = "sha256:83b2f4f2f3b1026b5fb449b467d9264bf22067b600f7b6f41fc5958909f449d0", size = 11344088 },
    { url = "https://files.pythonhosted.org/packages/c2/8d/49afab3645e31e12c590acb6d3b5b69d7aab5b81926dbaf7461f9441f37a/ruff-0.15.12-py3-none-manylinux_2_31_riscv64.whl", hash = "sha256:9ba3b8f1afd7e2e43d8943e55f249e13f9682fde09711644a6e7290eb4f3e339", size = 11271770 },
    { url = "https://files.pythonhosted.org/packages/46/06/33f41fe94403e2b755481cdfb9b7ef3e4e0ed031c4581124658d935d52b4/ruff-0.15.12-py3-none-musllinux_1_2_aarch64.whl", hash = "sha256:e852ba9fdc890655e1d78f2df1499efbe0e54126bd405362154a75e2bde159c5", size = 10719355 },
    { url = "https://files.pythonhosted.org/packages/0d/59/18aa4e014debbf559670e4048e39260a85c7fcee84acfd761ac01e7b8d35/ruff-0.15.12-py3-none-musllinux_1_2_armv7l.whl", hash = "sha256:dd8aed930da53780d22fc70bdf84452c843cf64f8cb4eb38984319c24c5cd5fd", size = 10462758 },
    { url = "https://files.pythonhosted.org/packages/25/e7/cc9f16fd0f3b5fddcbd7ec3d6ae30c8f3fde1047f32a4093a98d633c6570/ruff-0.15.12-py3-none-musllinux_1_2_i686.whl", hash = "sha256:01da3988d225628b709493d7dc67c3b9b12c0210016b08690ef9bd27970b262b", size = 10953498 },
    { url = "https://files.pythonhosted.org/packages/72/7a/a9ba7f98c7a575978698f4230c5e8cc54bbc761af34f560818f933dafa0c/ruff-0.15.12-py3-none-musllinux_1_2_x86_64.whl", hash = "sha256:9cae0f92bd5700d1213188b31cd3bdd2b315361296d10b96b8e2337d3d11f53e", size = 11447765 },
    { url = "https://files.pythonhosted.org/packages/ea/f9/0ae446942c846b8266059ad8a30702a35afae55f5cdc54c5adf8d7afdc27/ruff-0.15.12-py3-none-win32.whl", hash = "sha256:d0185894e038d7043ba8fd6aee7499ece6462dc0ea9f1e260c7451807c714c20", size = 10657277 },
    { url = "https://files.pythonhosted.org/packages/33/f1/9614e03e1cdcbf9437570b5400ced8a720b5db22b28d8e0f1bda429f660d/ruff-0.15.12-py3-none-win_amd64.whl", hash = "sha256:c87a162d61ab3adca47c03f7f717c68672edec7d1b5499e652331780fe74950d", size = 11837758 },
    { url = "https://files.pythonhosted.org/packages/c0/98/6beb4b351e472e5f4c4613f7c35a5290b8be2497e183825310c4c3a3984b/ruff-0.15.12-py3-none-win_arm64.whl", hash = "sha256:a538f7a82d061cee7be55542aca1d86d1393d55d81d4fcc314370f4340930d4f", size = 11120821 },
]

[[package]]
name = "sqlalchemy"
version = "2.0.49"
source = { registry = "https://pypi.org/simple" }
dependencies = [
    { name = "greenlet", marker = "platform_machine == 'AMD64' or platform_machine == 'WIN32' or platform_machine == 'aarch64' or platform_machine == 'amd64' or platform_machine == 'ppc64le' or platform_machine == 'win32' or platform_machine == 'x86_64'" },
    { name = "typing-extensions" },
]
sdist = { url = "https://files.pythonhosted.org/packages/09/45/461788f35e0364a8da7bda51a1fe1b09762d0c32f12f63727998d85a873b/sqlalchemy-2.0.49.tar.gz", hash = "sha256:d15950a57a210e36dd4cec1aac22787e2a4d57ba9318233e2ef8b2daf9ff2d5f", size = 9898221 }
wheels = [
    { url = "https://files.pythonhosted.org/packages/49/b3/2de412451330756aaaa72d27131db6dde23995efe62c941184e15242a5fa/sqlalchemy-2.0.49-cp312-cp312-macosx_11_0_arm64.whl", hash = "sha256:4bbccb45260e4ff1b7db0be80a9025bb1e6698bdb808b83fff0000f7a90b2c0b", size = 2157681 },
    { url = "https://files.pythonhosted.org/packages/50/84/b2a56e2105bd11ebf9f0b93abddd748e1a78d592819099359aa98134a8bf/sqlalchemy-2.0.49-cp312-cp312-manylinux2014_aarch64.manylinux_2_17_aarch64.manylinux_2_28_aarch64.whl", hash = "sha256:fb37f15714ec2652d574f021d479e78cd4eb9d04396dca36568fdfffb3487982", size = 3338976 },
    { url = "https://files.pythonhosted.org/packages/2c/fa/65fcae2ed62f84ab72cf89536c7c3217a156e71a2c111b1305ab6f0690e2/sqlalchemy-2.0.49-cp312-cp312-manylinux2014_x86_64.manylinux_2_17_x86_64.manylinux_2_28_x86_64.whl", hash = "sha256:3bb9ec6436a820a4c006aad1ac351f12de2f2dbdaad171692ee457a02429b672", size = 3351937 },
    { url = "https://files.pythonhosted.org/packages/f8/2f/6fd118563572a7fe475925742eb6b3443b2250e346a0cc27d8d408e73773/sqlalchemy-2.0.49-cp312-cp312-musllinux_1_2_aarch64.whl", hash = "sha256:8d6efc136f44a7e8bc8088507eaabbb8c2b55b3dbb63fe102c690da0ddebe55e", size = 3281646 },
    { url = "https://files.pythonhosted.org/packages/c5/d7/410f4a007c65275b9cf82354adb4bb8ba587b176d0a6ee99caa16fe638f8/sqlalchemy-2.0.49-cp312-cp312-musllinux_1_2_x86_64.whl", hash = "sha256:e06e617e3d4fd9e51d385dfe45b077a41e9d1b033a7702551e3278ac597dc750", size = 3316695 },
    { url = "https://files.pythonhosted.org/packages/d9/95/81f594aa60ded13273a844539041ccf1e66c5a7bed0a8e27810a3b52d522/sqlalchemy-2.0.49-cp312-cp312-win32.whl", hash = "sha256:83101a6930332b87653886c01d1ee7e294b1fe46a07dd9a2d2b4f91bcc88eec0", size = 2117483 },
    { url = "https://files.pythonhosted.org/packages/47/9e/fd90114059175cac64e4fafa9bf3ac20584384d66de40793ae2e2f26f3bb/sqlalchemy-2.0.49-cp312-cp312-win_amd64.whl", hash = "sha256:618a308215b6cececb6240b9abde545e3acdabac7ae3e1d4e666896bf5ba44b4", size = 2144494 },
    { url = "https://files.pythonhosted.org/packages/e5/30/8519fdde58a7bdf155b714359791ad1dc018b47d60269d5d160d311fdc36/sqlalchemy-2.0.49-py3-none-any.whl", hash = "sha256:ec44cfa7ef1a728e88ad41674de50f6db8cfdb3e2af84af86e0041aaf02d43d0", size = 1942158 },
]

[[package]]
name = "tradeforge"
version = "0.1.0"
source = { virtual = "." }
dependencies = [
    { name = "alembic" },
    { name = "psycopg", extra = ["binary"] },
]

[package.dev-dependencies]
dev = [
    { name = "mypy" },
    { name = "pytest" },
    { name = "ruff" },
]

[package.metadata]
requires-dist = [
    { name = "alembic", specifier = ">=1.17" },
    { name = "psycopg", extras = ["binary"], specifier = ">=3.2" },
]

[package.metadata.requires-dev]
dev = [
    { name = "mypy", specifier = ">=1.18" },
    { name = "pytest", specifier = ">=8.0" },
    { name = "ruff", specifier = ">=0.14" },
]

[[package]]
name = "typing-extensions"
version = "4.15.0"
source = { registry = "https://pypi.org/simple" }
sdist = { url = "https://files.pythonhosted.org/packages/72/94/1a15dd82efb362ac84269196e94cf00f187f7ed21c242792a923cdb1c61f/typing_extensions-4.15.0.tar.gz", hash = "sha256:0cea48d173cc12fa28ecabc3b837ea3cf6f38c6d1136f85cbaaf598984861466", size = 109391 }
wheels = [
    { url = "https://files.pythonhosted.org/packages/18/67/36e9267722cc04a6b9f15c7f3441c2363321a3ea07da7ae0c0707beb2a9c/typing_extensions-4.15.0-py3-none-any.whl", hash = "sha256:f0fa19c6845758ab08074a0cfa8b7aecb71c999ca73d62883bc25cc018c4e548", size = 44614 },
]

[[package]]
name = "tzdata"
version = "2026.2"
source = { registry = "https://pypi.org/simple" }
sdist = { url = "https://files.pythonhosted.org/packages/ba/19/1b9b0e29f30c6d35cb345486df41110984ea67ae69dddbc0e8a100999493/tzdata-2026.2.tar.gz", hash = "sha256:9173fde7d80d9018e02a662e168e5a2d04f87c41ea174b139fbef642eda62d10", size = 198254 }
wheels = [
    { url = "https://files.pythonhosted.org/packages/ce/e4/dccd7f47c4b64213ac01ef921a1337ee6e30e8c6466046018326977efd95/tzdata-2026.2-py2.py3-none-any.whl", hash = "sha256:bbe9af844f658da81a5f95019480da3a89415801f6cc966806612cc7169bffe7", size = 349321 },
]
